
Microsoft Visual Studio Solution File, Format Version 12.00
# Visual Studio Version 17
VisualStudioVersion = 17.8.34309.116
MinimumVisualStudioVersion = 10.0.40219.1
Project("{9A19103F-16F7-4668-BE54-9A1E7A4F7556}") = "HospitalApplication", "HospitalApplication\HospitalApplication.csproj", "{94CABBAE-6D48-4CF2-8D34-D9257834F580}"
EndProject
Project("{9A19103F-16F7-4668-BE54-9A1E7A4F7556}") = "Hospital.DAL", "Hospital.DAL\Hospital.DAL.csproj", "{0E2F16C1-9444-4937-9068-EDF665791B21}"
EndProject
Project("{9A19103F-16F7-4668-BE54-9A1E7A4F7556}") = "Hospital.Interfaces", "Hospital.Interfaces\Hospital.Interfaces.csproj", "{288F84DE-182C-4AF0-AA7A-60D72111A4C1}"
EndProject
Project("{FAE04EC0-301F-11D3-BF4B-00C04F79EFBC}") = "HospitalUI.Test", "HospitalUI.Test\HospitalUI.Test.csproj", "{3C79A5ED-83D6-4FEB-9432-AD6A7FEFD8EF}"
EndProject
Global
	GlobalSection(SolutionConfigurationPlatforms) = preSolution
		Debug|Any CPU = Debug|Any CPU
		Release|Any CPU = Release|Any CPU
	EndGlobalSection
	GlobalSection(ProjectConfigurationPlatforms) = postSolution
		{94CABBAE-6D48-4CF2-8D34-D9257834F580}.Debug|Any CPU.ActiveCfg = Debug|Any CPU
		{94CABBAE-6D48-4CF2-8D34-D9257834F580}.Debug|Any CPU.Build.0 = Debug|Any CPU
		{94CABBAE-6D48-4CF2-8D34-D9257834F580}.Release|Any CPU.ActiveCfg = Release|Any CPU
		{94CABBAE-6D48-4CF2-8D34-D9257834F580}.Release|Any CPU.Build.0 = Release|Any CPU
		{0E2F16C1-9444-4937-9068-EDF665791B21}.Debug|Any CPU.ActiveCfg = Debug|Any CPU
		{0E2F16C1-9444-4937-9068-EDF665791B21}.Debug|Any CPU.Build.0 = Debug|Any CPU
		{0E2F16C1-9444-4937-9068-EDF665791B21}.Release|Any CPU.ActiveCfg = Release|Any CPU
		{0E2F16C1-9444-4937-9068-EDF665791B21}.Release|Any CPU.Build.0 = Release|Any CPU
		{288F84DE-182C-4AF0-AA7A-60D72111A4C1}.Debug|Any CPU.ActiveCfg = Debug|Any CPU
		{288F84DE-182C-4AF0-AA7A-60D72111A4C1}.Debug|Any CPU.Build.0 = Debug|Any CPU
		{288F84DE-182C-4AF0-AA7A-60D72111A4C1}.Release|Any CPU.ActiveCfg = Release|Any CPU
		{288F84DE-182C-4AF0-AA7A-60D72111A4C1}.Release|Any CPU.Build.0 = Release|Any CPU
		{3C79A5ED-83D6-4FEB-9432-AD6A7FEFD8EF}.Debug|Any CPU.ActiveCfg = Debug|Any CPU
		{3C79A5ED-83D6-4FEB-9432-AD6A7FEFD8EF}.Debug|Any CPU.Build.0 = Debug|Any CPU
		{3C79A5ED-83D6-4FEB-9432-AD6A7FEFD8EF}.Release|Any CPU.ActiveCfg = Release|Any CPU
		{3C79A5ED-83D6-4FEB-9432-AD6A7FEFD8EF}.Release|Any CPU.Build.0 = Release|Any CPU
	EndGlobalSection
	GlobalSection(SolutionProperties) = preSolution
		HideSolutionNode = FALSE
	EndGlobalSection
	GlobalSection(ExtensibilityGlobals) = postSolution
		SolutionGuid = {F4324551-462B-4964-ACF0-C80D24FA58BA}
	EndGlobalSection
EndGlobal
